[[package]]
category = "dev"
description = "A small Python module for determining appropriate platform-specific dirs, e.g. a \"user data dir\"."
name = "appdirs"
optional = false
python-versions = "*"
version = "1.4.3"

[[package]]
category = "dev"
description = "Atomic file writes."
name = "atomicwrites"
optional = false
python-versions = ">=2.7, !=3.0.*, !=3.1.*, !=3.2.*, !=3.3.*"
version = "1.3.0"

[[package]]
category = "dev"
description = "Classes Without Boilerplate"
name = "attrs"
optional = false
python-versions = ">=2.7, !=3.0.*, !=3.1.*, !=3.2.*, !=3.3.*"
version = "19.3.0"

[[package]]
category = "dev"
description = "The uncompromising code formatter."
name = "black"
optional = false
python-versions = ">=3.6"
version = "19.3b0"

[package.dependencies]
appdirs = "*"
attrs = ">=18.1.0"
click = ">=6.5"
toml = ">=0.9.4"

[[package]]
category = "dev"
description = "Composable command line interface toolkit"
name = "click"
optional = false
python-versions = ">=2.7, !=3.0.*, !=3.1.*, !=3.2.*, !=3.3.*"
version = "7.0"

[[package]]
category = "dev"
description = "Cross-platform colored terminal text."
marker = "sys_platform == \"win32\""
name = "colorama"
optional = false
python-versions = ">=2.7, !=3.0.*, !=3.1.*, !=3.2.*, !=3.3.*"
version = "0.4.1"

[[package]]
category = "dev"
description = "HTTP/2-based RPC framework"
name = "grpcio"
optional = false
python-versions = "*"
version = "1.25.0"

[package.dependencies]
six = ">=1.5.2"

[[package]]
category = "dev"
description = "Protobuf code generator for gRPC"
name = "grpcio-tools"
optional = false
python-versions = "*"
version = "1.25.0"

[package.dependencies]
grpcio = ">=1.25.0"
protobuf = ">=3.5.0.post1"

[[package]]
category = "main"
description = "Pure-Python gRPC implementation for asyncio"
name = "grpclib"
optional = false
python-versions = ">=3.6"
version = "0.3.1"

[package.dependencies]
h2 = "*"
multidict = "*"

[[package]]
category = "main"
description = "HTTP/2 State-Machine based protocol implementation"
name = "h2"
optional = false
python-versions = "*"
version = "3.1.1"

[package.dependencies]
hpack = ">=2.3,<4"
hyperframe = ">=5.2.0,<6"

[[package]]
category = "main"
description = "Pure-Python HPACK header compression"
name = "hpack"
optional = false
python-versions = "*"
version = "3.0.0"

[[package]]
category = "main"
description = "HTTP/2 framing layer for Python"
name = "hyperframe"
optional = false
python-versions = "*"
version = "5.2.0"

[[package]]
category = "dev"
description = "Read metadata from Python packages"
marker = "python_version < \"3.8\""
name = "importlib-metadata"
optional = false
python-versions = ">=2.7,!=3.0,!=3.1,!=3.2,!=3.3"
version = "0.23"

[package.dependencies]
zipp = ">=0.5"

[[package]]
category = "dev"
description = "More routines for operating on iterables, beyond itertools"
marker = "python_version < \"3.8\" or python_version > \"2.7\""
name = "more-itertools"
optional = false
python-versions = ">=3.4"
version = "7.2.0"

[[package]]
category = "main"
description = "multidict implementation"
name = "multidict"
optional = false
python-versions = ">=3.4.1"
version = "4.5.2"

[[package]]
category = "dev"
description = "Generate mypy stub files from protobuf specs"
name = "mypy-protobuf"
optional = false
python-versions = "*"
version = "1.16"

[package.dependencies]
protobuf = ">=3.6.0"

[[package]]
category = "dev"
description = "Core utilities for Python packages"
name = "packaging"
optional = false
python-versions = ">=2.7, !=3.0.*, !=3.1.*, !=3.2.*, !=3.3.*"
version = "19.2"

[package.dependencies]
pyparsing = ">=2.0.2"
six = "*"

[[package]]
category = "dev"
description = "plugin and hook calling mechanisms for python"
name = "pluggy"
optional = false
python-versions = ">=2.7, !=3.0.*, !=3.1.*, !=3.2.*, !=3.3.*"
version = "0.13.0"

[package.dependencies]
[package.dependencies.importlib-metadata]
python = "<3.8"
version = ">=0.12"

[[package]]
category = "main"
description = "Protocol Buffers"
name = "protobuf"
optional = false
python-versions = "*"
version = "3.10.0"

[package.dependencies]
setuptools = "*"
six = ">=1.9"

[[package]]
category = "dev"
description = "library with cross-python path, ini-parsing, io, code, log facilities"
name = "py"
optional = false
python-versions = ">=2.7, !=3.0.*, !=3.1.*, !=3.2.*, !=3.3.*"
version = "1.8.0"

[[package]]
category = "dev"
description = "Python parsing module"
name = "pyparsing"
optional = false
python-versions = ">=2.6, !=3.0.*, !=3.1.*, !=3.2.*"
version = "2.4.5"

[[package]]
category = "dev"
description = "pytest: simple powerful testing with Python"
name = "pytest"
optional = false
python-versions = "!=3.0.*,!=3.1.*,!=3.2.*,!=3.3.*,>=2.7"
version = "4.6.6"

[package.dependencies]
atomicwrites = ">=1.0"
attrs = ">=17.4.0"
colorama = "*"
packaging = "*"
pluggy = ">=0.12,<1.0"
py = ">=1.5.0"
six = ">=1.10.0"
wcwidth = "*"

[package.dependencies.importlib-metadata]
python = "<3.8"
version = ">=0.12"

[package.dependencies.more-itertools]
python = ">=2.8"
version = ">=4.0.0"

[[package]]
category = "main"
description = "Python 2 and 3 compatibility utilities"
name = "six"
optional = false
python-versions = ">=2.6, !=3.0.*, !=3.1.*"
version = "1.13.0"

[[package]]
category = "dev"
description = "Python Library for Tom's Obvious, Minimal Language"
name = "toml"
optional = false
python-versions = "*"
version = "0.10.0"

[[package]]
category = "main"
description = "Backported and Experimental Type Hints for Python 3.5+"
name = "typing-extensions"
optional = false
python-versions = "*"
version = "3.7.4.1"

[[package]]
category = "dev"
description = "Measures number of Terminal column cells of wide-character codes"
name = "wcwidth"
optional = false
python-versions = "*"
version = "0.1.7"

[[package]]
category = "dev"
description = "Backport of pathlib-compatible object wrapper for zip files"
marker = "python_version < \"3.8\""
name = "zipp"
optional = false
python-versions = ">=2.7"
version = "0.6.0"

[package.dependencies]
more-itertools = "*"

[metadata]
content-hash = "1055ddb8d2b7b546d68a8a951e9c1b9c98c88faa9051433ad79608dd55a8e0e4"
python-versions = "^3.6"

[metadata.hashes]
appdirs = ["9e5896d1372858f8dd3344faf4e5014d21849c756c8d5701f78f8a103b372d92", "d8b24664561d0d34ddfaec54636d502d7cea6e29c3eaf68f3df6180863e2166e"]
atomicwrites = ["03472c30eb2c5d1ba9227e4c2ca66ab8287fbfbbda3888aa93dc2e28fc6811b4", "75a9445bac02d8d058d5e1fe689654ba5a6556a1dfd8ce6ec55a0ed79866cfa6"]
attrs = ["08a96c641c3a74e44eb59afb61a24f2cb9f4d7188748e76ba4bb5edfa3cb7d1c", "f7b7ce16570fe9965acd6d30101a28f62fb4a7f9e926b3bbc9b61f8b04247e72"]
black = ["09a9dcb7c46ed496a9850b76e4e825d6049ecd38b611f1224857a79bd985a8cf", "68950ffd4d9169716bcb8719a56c07a2f4485354fec061cdd5910aa07369731c"]
click = ["2335065e6395b9e67ca716de5f7526736bfa6ceead690adf616d925bdc622b13", "5b94b49521f6456670fdb30cd82a4eca9412788a93fa6dd6df72c94d5a8ff2d7"]
colorama = ["05eed71e2e327246ad6b38c540c4a3117230b19679b875190486ddd2d721422d", "f8ac84de7840f5b9c4e3347b3c1eaa50f7e49c2b07596221daec5edaabbd7c48"]
grpcio = ["0419ae5a45f49c7c40d9ae77ae4de9442431b7822851dfbbe56ee0eacb5e5654", "1e8631eeee0fb0b4230aeb135e4890035f6ef9159c2a3555fa184468e325691a", "24db2fa5438f3815a4edb7a189035051760ca6aa2b0b70a6a948b28bfc63c76b", "2adb1cdb7d33e91069517b41249622710a94a1faece1fed31cd36904e4201cde", "2cd51f35692b551aeb1fdeb7a256c7c558f6d78fcddff00640942d42f7aeba5f", "3247834d24964589f8c2b121b40cd61319b3c2e8d744a6a82008643ef8a378b1", "3433cb848b4209717722b62392e575a77a52a34d67c6730138102abc0a441685", "39671b7ff77a962bd745746d9d2292c8ed227c5748f16598d16d8631d17dd7e5", "40a0b8b2e6f6dd630f8b267eede2f40a848963d0f3c40b1b1f453a4a870f679e", "40f9a74c7aa210b3e76eb1c9d56aa8d08722b73426a77626967019df9bbac287", "423f76aa504c84cb94594fb88b8a24027c887f1c488cf58f2173f22f4fbd046c", "43bd04cec72281a96eb361e1b0232f0f542b46da50bcfe72ef7e5a1b41d00cb3", "43e38762635c09e24885d15e3a8e374b72d105d4178ee2cc9491855a8da9c380", "4413b11c2385180d7de03add6c8845dd66692b148d36e27ec8c9ef537b2553a1", "4450352a87094fd58daf468b04c65a9fa19ad11a0ac8ac7b7ff17d46f873cbc1", "49ffda04a6e44de028b3b786278ac9a70043e7905c3eea29eed88b6524d53a29", "4a38c4dde4c9120deef43aaabaa44f19186c98659ce554c29788c4071ab2f0a4", "50b1febdfd21e2144b56a9aa226829e93a79c354ef22a4e5b013d9965e1ec0ed", "559b1a3a8be7395ded2943ea6c2135d096f8cc7039d6d12127110b6496f251fe", "5de86c182667ec68cf84019aa0d8ceccf01d352cdca19bf9e373725204bdbf50", "5fc069bb481fe3fad0ba24d3baaf69e22dfa6cc1b63290e6dfeaf4ac1e996fb7", "6a19d654da49516296515d6f65de4bbcbd734bc57913b21a610cfc45e6df3ff1", "7535b3e52f498270e7877dde1c8944d6b7720e93e2e66b89c82a11447b5818f5", "7c4e495bcabc308198b8962e60ca12f53b27eb8f03a21ac1d2d711d6dd9ecfca", "8a8fc4a0220367cb8370cedac02272d574079ccc32bffbb34d53aaf9e38b5060", "8b008515e067232838daca020d1af628bf6520c8cc338bf383284efe6d8bd083", "8d1684258e1385e459418f3429e107eec5fb3d75e1f5a8c52e5946b3f329d6ea", "8eb5d54b87fb561dc2e00a5c5226c33ffe8dbc13f2e4033a412bafb7b37b194d", "94cdef0c61bd014bb7af495e21a1c3a369dd0399c3cd1965b1502043f5c88d94", "9d9f3be69c7a5e84c3549a8c4403fa9ac7672da456863d21e390b2bbf45ccad1", "9fb6fb5975a448169756da2d124a1beb38c0924ff6c0306d883b6848a9980f38", "a5eaae8700b87144d7dfb475aa4675e500ff707292caba3deff41609ddc5b845", "aaeac2d552772b76d24eaff67a5d2325bc5205c74c0d4f9fbe71685d4a971db2", "bb611e447559b3b5665e12a7da5160c0de6876097f62bf1d23ba66911564868e", "bc0d41f4eb07da8b8d3ea85e50b62f6491ab313834db86ae2345be07536a4e5a", "bf51051c129b847d1bb63a9b0826346b5f52fb821b15fe5e0d5ef86f268510f5", "c948c034d8997526011960db54f512756fb0b4be1b81140a15b4ef094c6594a4", "d435a01334157c3b126b4ee5141401d44bdc8440993b18b05e2f267a6647f92d", "d46c1f95672b73288e08cdca181e14e84c6229b5879561b7b8cfd48374e09287", "d5d58309b42064228b16b0311ff715d6c6e20230e81b35e8d0c8cfa1bbdecad8", "dc6e2e91365a1dd6314d615d80291159c7981928b88a4c65654e3fefac83a836", "e0dfb5f7a39029a6cbec23affa923b22a2c02207960fd66f109e01d6f632c1eb", "eb4bf58d381b1373bd21d50837a53953d625d1693f1b58fed12743c75d3dd321", "ebb211a85248dbc396b29320273c1ffde484b898852432613e8df0164c091006", "ec759ece4786ae993a5b7dc3b3dead6e9375d89a6c65dfd6860076d2eb2abe7b", "f55108397a8fa164268238c3e69cc134e945d1f693572a2f05a028b8d0d2b837", "f6c706866d424ff285b85a02de7bbe5ed0ace227766b2c42cbe12f3d9ea5a8aa", "f8370ad332b36fbad117440faf0dd4b910e80b9c49db5648afd337abdde9a1b6"]
grpcio-tools = ["007c075eb9611379fa8f520a1865b9afd850469495b0e4a46e1349b2dc1744ce", "02ae9708bdd3f329b1abe1ee16b1d768b2dd7a036a8a57e342d08ee8ca054cec", "2f10226bfea4f947de355008b14fb4711c85fc1121570833a96f0e2cd8de580f", "314354c7321c84a6e176a99afe1945c933b8a38b4f837255c8decfef8d07f24e", "406b530c283a2bb804a10ee97928290b0b60788cd114ddfce0faa681cccfe4b8", "49e7682e505e6a1d35459dae1d8a616a08d5cfa6f05de00235aff2e15786af14", "4a5c2b38078fc4b949e4e70f7e25cb80443d1ee9a648ce4223aa3c040a0d3b9b", "4b40291d67a1fecb5170ed9ec32016e2ae07908a8fa143d2d37311b2bcbeb2c5", "4b72b04cba6ecd1940d6eda07886f80fe71fb2e669f1095ebab58b1eb17a53fa", "4cc95d5fddebb9348fafcc4c0147745882794ded7cfd5282b2aa158596c77a8a", "4ce0261bd4426482a96467ed9ad8411417a6932c331a5bb35aa1907f618f34f6", "5226371a2b569c62be0d0590ccff7bbb9566762f243933efbd4b695f9f108cd5", "52aab4cbab10683f8830420c0b55ccdc6344702b4a0940913d71fe928dd731c9", "532a19419535a92a1b621222f70d6da7624151fe69afa4a1063be56e7a2b884a", "5a8d44add097e0a3a7c27e66a8ed0aa2fd561cda77381e818cf7862d4ad0f629", "64f6027887e32a938f00b2344c337c6d4f7c4cf157ec2e84b1dd6b6fddad8e50", "651b0441e8d8f302b44fb50397fe73dcd5e61b790533438e690055abdef3b234", "67d12ec4548dd2b1f15c9e3a953c8f48d8c3441c2d8bd143fc3af95a1c041c2b", "6c029341132a0e64cbd2dba1dda9a125e06a798b9ec864569afdecce626dd5d5", "6e64214709f37b347875ac83cfed4e9cfd287f255dab2836521f591620412c40", "6f70fc9a82a0145296358720cf24f83a657a745e8b51ec9564f4c9e678c5b872", "6fb4739eb5eef051945b16b3c434d08653ea05f0313cf88495ced5d9db641745", "79b5b1c172dafb0e76aa95bf572d4c7afc0bf97a1669b2228a0bc151071c4666", "7d02755480cec3c0222f35397e810bfaf4cf9f2bf2e626f7f6efc1d40fffb7fa", "818f2b8168760cf16e66fe85894a37afcff5378a64939549663a371216618498", "834564c2fba02c31179af081bd80aada8dfdcca52c80e241353f6063b6154bd2", "8b17347a90a14386641ffe57743bbb01a16a7149c95905364d3c8091ad377bd8", "902e13dbaca9733e4668928967b301526197ecffacb8c7a0acc0c7045de8836f", "988014c714ca654b3b7ca9f4dabfe487b00e023bfdd9eaf1bb0fed82bf8c4255", "9a83d39e198cbed5d093f43790b92945ab74140357ec00e53ae13b421489ffb7", "ac7649cff7354d2f04ebe2872f786a1d07547deded61f3d39036ebb569de91bc", "b013d93bc6dc5c7bf3642bf30e673daee46f9a4984fbd9588a9cda1071278414", "b02701d40f1ccf16bc8c46f56bdbf89e03110bd8fd570c854e72299ce2920c35", "b0ef0da2eec959def8ba508b2a763c492f1fb989446a422d1456ac17dc1b19f4", "bb8264ccf8ff904a1a396dc757ac1560b24f270b90e7dabb0ae3f637cb351bb3", "bbfb58f5c0aa27b599141bb5eacaf8116b55ad89bc5a2c3afd5e965d840ad341", "c1a482fdd8952a7f0098f78161a4deef8a500e54babef302548cd9f1e326d42c", "c40efc662fa037898488e31756242af68a8ab5729f939bc8c9ba259bc32e7d6a", "c5ad07adae3fe62761bc662c554c2734203f0f700616fc58138b852a7ef5e40e", "c765512cb5cb4afaf652837b8cc69229dee14c8e92f15a6ea0f4dfd646902dd2", "c871f5a89012ae44d9233305d74dfdd2059a78f0cb0303d38a4b6a562c6f9ba7", "cc950fb17c1172d0c0129e8c6e787206e7ef8c24a8e39005f8cc297e9faa4f9a", "d3619b43009a5c82cb7ef11847518236140d7ffdcc6600e1a151b8b49350693a", "dc17a8a8b39cb37380d927d4669882af4ccc7d3ee298a15a3004f4b18ecd2ac3", "eab3684ce9dec3a934a36ba79e8435210d07c50906425ab157eeb4b14503a925", "f258b32dffd27ef1eb5f5f01ebb115dfad07677b0510b41f786c511a62ded033", "f550c94728b67a7eeddc35b03c99552f2d7aac09c52935ad4b0552d0843fd03c", "f7fc690a517c8f3765796ed005bb3273895a985a8593977291bad24568e018e3"]
grpclib = ["55496fb9f564bbd85b8518c95c088312fb3437f60a0144f39f4cb83bf8978737"]
h2 = ["ac377fcf586314ef3177bfd90c12c7826ab0840edeb03f0f24f511858326049e", "b8a32bd282594424c0ac55845377eea13fa54fe4a8db012f3a198ed923dc3ab4"]
hpack = ["0edd79eda27a53ba5be2dfabf3b15780928a0dff6eb0c60a3d6767720e970c89", "8eec9c1f4bfae3408a3f30500261f7e6a65912dc138526ea054f9ad98892e9d2"]
hyperframe = ["5187962cb16dcc078f23cb5a4b110098d546c3f41ff2d4038a9896893bbd0b40", "a9f5c17f2cc3c719b917c4f33ed1c61bd1f8dfac4b1bd23b7c80b3400971b41f"]
importlib-metadata = ["aa18d7378b00b40847790e7c27e11673d7fed219354109d0e7b9e5b25dc3ad26", "d5f18a79777f3aa179c145737780282e27b508fc8fd688cb17c7a813e8bd39af"]
more-itertools = ["409cd48d4db7052af495b09dec721011634af3753ae1ef92d2b32f73a745f832", "92b8c4b06dac4f0611c0729b2f2ede52b2e1bac1ab48f089c7ddc12e26bb60c4"]
multidict = ["024b8129695a952ebd93373e45b5d341dbb87c17ce49637b34000093f243dd4f", "041e9442b11409be5e4fc8b6a97e4bcead758ab1e11768d1e69160bdde18acc3", "045b4dd0e5f6121e6f314d81759abd2c257db4634260abcfe0d3f7083c4908ef", "047c0a04e382ef8bd74b0de01407e8d8632d7d1b4db6f2561106af812a68741b", "068167c2d7bbeebd359665ac4fff756be5ffac9cda02375b5c5a7c4777038e73", "148ff60e0fffa2f5fad2eb25aae7bef23d8f3b8bdaf947a65cdbe84a978092bc", "1d1c77013a259971a72ddaa83b9f42c80a93ff12df6a4723be99d858fa30bee3", "1d48bc124a6b7a55006d97917f695effa9725d05abe8ee78fd60d6588b8344cd", "31dfa2fc323097f8ad7acd41aa38d7c614dd1960ac6681745b6da124093dc351", "34f82db7f80c49f38b032c5abb605c458bac997a6c3142e0d6c130be6fb2b941", "3d5dd8e5998fb4ace04789d1d008e2bb532de501218519d70bb672c4c5a2fc5d", "4a6ae52bd3ee41ee0f3acf4c60ceb3f44e0e3bc52ab7da1c2b2aa6703363a3d1", "4b02a3b2a2f01d0490dd39321c74273fed0568568ea0e7ea23e02bd1fb10a10b", "4b843f8e1dd6a3195679d9838eb4670222e8b8d01bc36c9894d6c3538316fa0a", "5de53a28f40ef3c4fd57aeab6b590c2c663de87a5af76136ced519923d3efbb3", "61b2b33ede821b94fa99ce0b09c9ece049c7067a33b279f343adfe35108a4ea7", "6a3a9b0f45fd75dc05d8e93dc21b18fc1670135ec9544d1ad4acbcf6b86781d0", "76ad8e4c69dadbb31bad17c16baee61c0d1a4a73bed2590b741b2e1a46d3edd0", "7ba19b777dc00194d1b473180d4ca89a054dd18de27d0ee2e42a103ec9b7d014", "7c1b7eab7a49aa96f3db1f716f0113a8a2e93c7375dd3d5d21c4941f1405c9c5", "7fc0eee3046041387cbace9314926aa48b681202f8897f8bff3809967a049036", "8ccd1c5fff1aa1427100ce188557fc31f1e0a383ad8ec42c559aabd4ff08802d", "8e08dd76de80539d613654915a2f5196dbccc67448df291e69a88712ea21e24a", "c18498c50c59263841862ea0501da9f2b3659c00db54abfbf823a80787fde8ce", "c49db89d602c24928e68c0d510f4fcf8989d77defd01c973d6cbe27e684833b1", "ce20044d0317649ddbb4e54dab3c1bcc7483c78c27d3f58ab3d0c7e6bc60d26a", "d1071414dd06ca2eafa90c85a079169bfeb0e5f57fd0b45d44c092546fcd6fd9", "d3be11ac43ab1a3e979dac80843b42226d5d3cccd3986f2e03152720a4297cd7", "db603a1c235d110c860d5f39988ebc8218ee028f07a7cbc056ba6424372ca31b"]
mypy-protobuf = ["4c18a300054abdd6d635b02059d36bc165a166dab2bde4b899d76e1118f63d9a", "72ab724299aebd930b88476f6545587bff5bf480697c016097bd188841a56276"]
packaging = ["28b924174df7a2fa32c1953825ff29c61e2f5e082343165438812f00d3a7fc47", "d9551545c6d761f3def1677baf08ab2a3ca17c56879e70fecba2fc4dde4ed108"]
pluggy = ["0db4b7601aae1d35b4a033282da476845aa19185c1e6964b25cf324b5e4ec3e6", "fa5fa1622fa6dd5c030e9cad086fa19ef6a0cf6d7a2d12318e10cb49d6d68f34"]
protobuf = ["125713564d8cfed7610e52444c9769b8dcb0b55e25cc7841f2290ee7bc86636f", "1accdb7a47e51503be64d9a57543964ba674edac103215576399d2d0e34eac77", "27003d12d4f68e3cbea9eb67427cab3bfddd47ff90670cb367fcd7a3a89b9657", "3264f3c431a631b0b31e9db2ae8c927b79fc1a7b1b06b31e8e5bcf2af91fe896", "3c5ab0f5c71ca5af27143e60613729e3488bb45f6d3f143dc918a20af8bab0bf", "45dcf8758873e3f69feab075e5f3177270739f146255225474ee0b90429adef6", "56a77d61a91186cc5676d8e11b36a5feb513873e4ae88d2ee5cf530d52bbcd3b", "5984e4947bbcef5bd849d6244aec507d31786f2dd3344139adc1489fb403b300", "6b0441da73796dd00821763bb4119674eaf252776beb50ae3883bed179a60b2a", "6f6677c5ade94d4fe75a912926d6796d5c71a2a90c2aeefe0d6f211d75c74789", "84a825a9418d7196e2acc48f8746cf1ee75877ed2f30433ab92a133f3eaf8fbe", "b842c34fe043ccf78b4a6cf1019d7b80113707d68c88842d061fa2b8fb6ddedc", "ca33d2f09dae149a1dcf942d2d825ebb06343b77b437198c9e2ef115cf5d5bc1", "cc9af00df3fc9302f537a8335668c20be27916b2277e9a5eaed510266e2bb33b", "db83b5c12c0cd30150bb568e6feb2435c49ce4e68fe2d7b903113f0e221e58fe", "f50f3b1c5c1c1334ca7ce9cad5992f098f460ffd6388a3cabad10b66c2006b09", "f99f127909731cafb841c52f9216e447d3e4afb99b17bebfad327a75aee206de"]
py = ["64f65755aee5b381cea27766a3a147c3f15b9b6b9ac88676de66ba2ae36793fa", "dc639b046a6e2cff5bbe40194ad65936d6ba360b52b3c3fe1d08a82dd50b5e53"]
pyparsing = ["20f995ecd72f2a1f4bf6b072b63b22e2eb457836601e76d6e5dfcd75436acc1f", "4ca62001be367f01bd3e92ecbb79070272a9d4964dce6a48a82ff0b8bc7e683a"]
pytest = ["5d0d20a9a66e39b5845ab14f8989f3463a7aa973700e6cdf02db69da9821e738", "692d9351353ef709c1126266579edd4fd469dcf6b5f4f583050f72161d6f3592"]
six = ["1f1b7d42e254082a9db6279deae68afb421ceba6158efa6131de7b3003ee93fd", "30f610279e8b2578cab6db20741130331735c781b56053c59c4076da27f06b66"]
toml = ["229f81c57791a41d65e399fc06bf0848bab550a9dfd5ed66df18ce5f05e73d5c", "235682dd292d5899d361a811df37e04a8828a5b1da3115886b73cf81ebc9100e", "f1db651f9657708513243e61e6cc67d101a39bad662eaa9b5546f789338e07a3"]
typing-extensions = ["091ecc894d5e908ac75209f10d5b4f118fbdb2eb1ede6a63544054bb1edb41f2", "910f4656f54de5993ad9304959ce9bb903f90aadc7c67a0bef07e678014e892d", "cf8b63fedea4d89bab840ecbb93e75578af28f76f66c35889bd7065f5af88575"]
wcwidth = ["3df37372226d6e63e1b1e1eda15c594bca98a22d33a23832a90998faa96bc65e", "f4ebe71925af7b40a864553f761ed559b43544f8f71746c2d756c7fe788ade7c"]
zipp = ["3718b1cbcd963c7d4c5511a8240812904164b7f381b647143a89d3b98f9bcd8e", "f06903e9f1f43b12d371004b4ac7b06ab39a44adc747266928ae6debfa7b3335"]
